# THIS IS AN AUTOGENERATED FILE. DO NOT EDIT THIS FILE DIRECTLY.
# yarn lockfile v1


"@lukeed/csprng@^1.0.0":
  version "1.0.1"
  resolved "https://registry.yarnpkg.com/@lukeed/csprng/-/csprng-1.0.1.tgz#625e93a0edb2c830e3c52ce2d67b9d53377c6a66"
  integrity sha512-uSvJdwQU5nK+Vdf6zxcWAY2A8r7uqe+gePwLWzJ+fsQehq18pc0I2hJKwypZ2aLM90+Er9u1xn4iLJPZ+xlL4g==

"@nestjs/common@^9.0.11":
  version "9.0.11"
  resolved "https://registry.yarnpkg.com/@nestjs/common/-/common-9.0.11.tgz#5747cfbb5d94d909bc2894bf2a5bec83fca809c5"
  integrity sha512-oYLIcOal3QOwcqt6goXovRNg8ZkalyOMjH0oYYzfJLrait6P7c6nAeWHu4qFDThY7GoZHEanLgji1qlqVEW09g==
  dependencies:
    iterare "1.2.1"
    tslib "2.4.0"
    uuid "8.3.2"

"@nestjs/core@^11.1.18":
  version "11.1.18"
  resolved "https://registry.yarnpkg.com/@nestjs/core/-/core-11.1.18.tgz#cf3585bc34fd5fd62d3903b89a5512c456b66eef"
  integrity sha512-wR3DtGyk/LUAiPtbXDuWJJwVkWElKBY0sqnTzf9d4uM3+X18FRZhK7WFc47czsIGOdWuRsMeLYV+1Z9dO4zDEQ==
  dependencies:
    uid "2.0.2"
    "@nuxt/opencollective" "0.4.1"
    fast-safe-stringify "2.1.1"
    iterare "1.2.1"
    path-to-regexp "8.4.2"
    tslib "2.8.1"

"@nuxt/opencollective@0.4.1":
  version "0.4.1"
  resolved "https://registry.yarnpkg.com/@nuxt/opencollective/-/opencollective-0.4.1.tgz#57bc41d2b03b2fba20b935c15950ac0f4bd2cea2"
  integrity sha512-GXD3wy50qYbxCJ652bDrDzgMr3NFEkIS374+IgFQKkCvk9yiYcLvX2XDYr7UyQxf4wK0e+yqDYRubZ0DtOxnmQ==
  dependencies:
    consola "^3.2.3"

"@types/node@^18.0.5":
  version "18.7.9"
  resolved "https://registry.yarnpkg.com/@types/node/-/node-18.7.9.tgz#180bfc495c91dc62573967edf047e15dbdce1491"
  integrity sha512-0N5Y1XAdcl865nDdjbO0m3T6FdmQ4ijE89/urOHLREyTXbpMWbSafx9y7XIsgWGtwUP2iYTinLyyW3FatAxBLQ==

"@types/validator@^13.7.10":
  version "13.7.10"
  resolved "https://registry.yarnpkg.com/@types/validator/-/validator-13.7.10.tgz#f9763dc0933f8324920afa9c0790308eedf55ca7"
  integrity sha512-t1yxFAR2n0+VO6hd/FJ9F2uezAZVWHLmpmlJzm1eX03+H7+HsuTAp7L8QJs+2pQCfWkP1+EXsGK9Z9v7o/qPVQ==

append-field@^1.0.0:
  version "1.0.0"
  resolved "https://registry.yarnpkg.com/append-field/-/append-field-1.0.0.tgz#1e3440e915f0b1203d23748e78edd7b9b5b43e56"
  integrity sha512-klpgFSWLW1ZEs8svjfb7g4qWY0YS5imI82dTg+QahUvJ8YqAY0P10Uk8tTyh9ZGuYEZEMaeJYCF5BFuX552hsw==

buffer-from@^1.0.0:
  version "1.1.2"
  resolved "https://registry.yarnpkg.com/buffer-from/-/buffer-from-1.1.2.tgz#2b146a6fd72e80b4f55d255f35ed59a3a9a41bd5"
  integrity sha512-E+XQCRwSbaaiChtv6k6Dwgc+bx+Bs6vuKJHHl5kox/BaKbhiXzqQOwK4cO22yElGp2OCmjwVhT3HmxgyPGnJfQ==

busboy@^1.6.0:
  version "1.6.0"
  resolved "https://registry.yarnpkg.com/busboy/-/busboy-1.6.0.tgz#966ea36a9502e43cdb9146962523b92f531f6893"
  integrity sha512-8SFQbg/0hQ9xy3UNTB0YEnsNBbWfhf7RtnzpL7TkBiTBRfrQ9Fxcnz7VJsleJpyp6rVLvXiuORqjlHi5q+PYuA==
  dependencies:
    streamsearch "^1.1.0"

class-transformer@0.5.1:
  version "0.5.1"
  resolved "https://registry.yarnpkg.com/class-transformer/-/class-transformer-0.5.1.tgz#24147d5dffd2a6cea930a3250a677addf96ab336"
  integrity sha512-SQa1Ws6hUbfC98vKGxZH3KFY0Y1lm5Zm0SY8XX9zbK7FJCyVEac3ATW0RIpwzW+oOfmHE5PMPufDG9hCfoEOMw==

class-validator@0.14.0:
  version "0.14.0"
  resolved "https://registry.yarnpkg.com/class-validator/-/class-validator-0.14.0.tgz#40ed0ecf3c83b2a8a6a320f4edb607be0f0df159"
  integrity sha512-ct3ltplN8I9fOwUd8GrP8UQixwff129BkEtuWDKL5W45cQuLd19xqmTLu5ge78YDm/fdje6FMt0hGOhl0lii3A==
  dependencies:
    "@types/validator" "^13.7.10"
    libphonenumber-js "^1.10.14"
    validator "^13.7.0"

concat-stream@^2.0.0:
  version "2.0.0"
  resolved "https://registry.yarnpkg.com/concat-stream/-/concat-stream-2.0.0.tgz#414cf5af790a48c60ab9be4527d56d5e41133cb1"
  integrity sha512-MWufYdFw53ccGjCA+Ol7XJYpAlW6/prSMzuPOTRnJGcGzuhLn4Scrz7qf6o8bROZ514ltazcIFJZevcfbo0x7A==
  dependencies:
    buffer-from "^1.0.0"
    inherits "^2.0.3"
    readable-stream "^3.0.2"
    typedarray "^0.0.6"

consola@^3.2.3:
  version "3.4.2"
  resolved "https://registry.yarnpkg.com/consola/-/consola-3.4.2.tgz#5af110145397bb67afdab77013fdc34cae590ea7"
  integrity sha512-5IKcdX0nnYavi6G7TtOhwkYzyjfJlatbjMjuLSfE2kYT5pMDOilZ4OvMhi637CcDICTmz3wARPoyhqyX1Y+XvA==

fast-safe-stringify@2.1.1:
  version "2.1.1"
  resolved "https://registry.yarnpkg.com/fast-safe-stringify/-/fast-safe-stringify-2.1.1.tgz#c406a83b6e70d9e35ce3b30a81141df30aeba884"
  integrity sha512-W+KJc2dmILlPplD/H4K9l9LcAHAfPtP6BY84uVLXQ6Evcz9Lcg33Y2z1IVblT6xdY54PXYVHEv+0Wpq8Io6zkA==

inherits@^2.0.3:
  version "2.0.4"
  resolved "https://registry.yarnpkg.com/inherits/-/inherits-2.0.4.tgz#0fa2c64f932917c3433a0ded55363aae37416b7c"
  integrity sha512-k/vGaX4/Yla3WzyMCvTQOXYeIHvqOKtnqBduzTHpzpQZzAskKMhZ2K+EnBiSM9zGSoIFeMpXKxa4dYeZIQqewQ==

iterare@1.2.1:
  version "1.2.1"
  resolved "https://registry.yarnpkg.com/iterare/-/iterare-1.2.1.tgz#139c400ff7363690e33abffa33cbba8920f00042"
  integrity sha512-RKYVTCjAnRthyJes037NX/IiqeidgN1xc3j1RjFfECFp28A1GVwK9nA+i0rJPaHqSZwygLzRnFlzUuHFoWWy+Q==

libphonenumber-js@^1.10.14:
  version "1.10.18"
  resolved "https://registry.yarnpkg.com/libphonenumber-js/-/libphonenumber-js-1.10.18.tgz#657c419071c8a02c638c0e80d9ee1232f152f280"
  integrity sha512-NS4ZEgNhwbcPz1gfSXCGFnQm0xEiyTSPRthIuWytDzOiEG9xnZ2FbLyfJC4tI2BMAAXpoWbNxHYH75pa3Dq9og==

media-typer@0.3.0:
  version "0.3.0"
  resolved "https://registry.yarnpkg.com/media-typer/-/media-typer-0.3.0.tgz#8710d7af0aa626f8fffa1ce00168545263255748"
  integrity sha512-dq+qelQ9akHpcOl/gUVRTxVIOkAJ1wR3QAvb4RsVjS8oVoFjDGTc679wJYmUmknUF5HwMLOgb5O+a3KxfWapPQ==

mime-db@1.52.0:
  version "1.52.0"
  resolved "https://registry.yarnpkg.com/mime-db/-/mime-db-1.52.0.tgz#bbabcdc02859f4987301c856e3387ce5ec43bf70"
  integrity sha512-sPU4uV7dYlvtWJxwwxHD0PuihVNiE7TyAbQ5SWxDCB9mUYvOgroQOwYQQOKPJ8CIbE+1ETVlOoK1UC2nU3gYvg==

mime-types@~2.1.24:
  version "2.1.35"
  resolved "https://registry.yarnpkg.com/mime-types/-/mime-types-2.1.35.tgz#381a871b62a734450660ae3deee44813f70d959a"
  integrity sha512-ZDY+bPm5zTTF+YpCrAU9nK0UgICYPT0QtT1NZWFv4s++TNkcgVaT0g6+4R2uI4MjQjzysHB1zxuWL50hzaeXiw==
  dependencies:
    mime-db "1.52.0"

mkdirp@^1.0.4:
  version "1.0.4"
  resolved "https://registry.yarnpkg.com/mkdirp/-/mkdirp-1.0.4.tgz#3eb5ed62622756d79a5f0e2a221dfebad75c2f7e"
  integrity sha512-vVqVZQyf3WLx2Shd0qJ9xuvqgAyKPLAiqITEtqW0oIUjzo3PePDd6fW9iFz30ef7Ysp/oiWqbhszeGWW2T6Gzw==

path-to-regexp@8.4.2:
  version "8.4.2"
  resolved "https://registry.yarnpkg.com/path-to-regexp/-/path-to-regexp-8.4.2.tgz#795c420c4f7ca45c5b887366f622ee0c9852cccd"
  integrity sha512-qRcuIdP69NPm4qbACK+aDogI5CBDMi1jKe0ry5rSQJz8JVLsC7jV8XpiJjGRLLol3N+R5ihGYcrPLTno6pAdBA==

readable-stream@^3.0.2:
  version "3.6.0"
  resolved "https://registry.yarnpkg.com/readable-stream/-/readable-stream-3.6.0.tgz#337bbda3adc0706bd3e024426a286d4b4b2c9198"
  integrity sha512-BViHy7LKeTz4oNnkcLJ+lVSL6vpiFeX6/d3oSH8zCW7UxP2onchk+vTGB143xuFjHS3deTgkKoXXymXqymiIdA==
  dependencies:
    inherits "^2.0.3"
    string_decoder "^1.1.1"
    util-deprecate "^1.0.1"

reflect-metadata@^0.1.13:
  version "0.1.13"
  resolved "https://registry.yarnpkg.com/reflect-metadata/-/reflect-metadata-0.1.13.tgz#67ae3ca57c972a2aa1642b10fe363fe32d49dc08"
  integrity sha512-Ts1Y/anZELhSsjMcU605fU9RE4Oi3p5ORujwbIKXfWa+0Zxs510Qrmrce5/Jowq3cHSZSJqBjypxmHarc+vEWg==

rxjs@^7.5.2:
  version "7.5.6"
  resolved "https://registry.yarnpkg.com/rxjs/-/rxjs-7.5.6.tgz#0446577557862afd6903517ce7cae79ecb9662bc"
  integrity sha512-dnyv2/YsXhnm461G+R/Pe5bWP41Nm6LBXEYWI6eiFP4fiwx6WRI/CD0zbdVAudd9xwLEF2IDcKXLHit0FYjUzw==
  dependencies:
    tslib "^2.1.0"

safe-buffer@~5.2.0:
  version "5.2.1"
  resolved "https://registry.yarnpkg.com/safe-buffer/-/safe-buffer-5.2.1.tgz#1eaf9fa9bdb1fdd4ec75f58f9cdb4e6b7827eec6"
  integrity sha512-rp3So07KcdmmKbGvgaNxQSJr7bGVSVk5S9Eq1F+ppbRo70+YeaDxkw5Dd8NPN+GD6bjnYm2VuPuCXmpuYvmCXQ==

streamsearch@^1.1.0:
  version "1.1.0"
  resolved "https://registry.yarnpkg.com/streamsearch/-/streamsearch-1.1.0.tgz#404dd1e2247ca94af554e841a8ef0eaa238da764"
  integrity sha512-Mcc5wHehp9aXz1ax6bZUyY5afg9u2rv5cqQI3mRrYkGC8rW2hM02jWuwjtL++LS5qinSyhj2QfLyNsuc+VsExg==

string_decoder@^1.1.1:
  version "1.3.0"
  resolved "https://registry.yarnpkg.com/string_decoder/-/string_decoder-1.3.0.tgz#42f114594a46cf1a8e30b0a84f56c78c3edac21e"
  integrity sha512-hkRX8U1WjJFd8LsDJ2yQ/wWWxaopEsABU1XfkM8A+j0+85JAGppt16cr1Whg6KIbb4okU6Mql6BOj+uup/wKeA==
  dependencies:
    safe-buffer "~5.2.0"

tslib@2.4.0:
  version "2.4.0"
  resolved "https://registry.yarnpkg.com/tslib/-/tslib-2.4.0.tgz#7cecaa7f073ce680a05847aa77be941098f36dc3"
  integrity sha512-d6xOpEDfsi2CZVlPQzGeux8XMwLT9hssAsaPYExaQMuYskwb+x1x7J371tWlbBdWHroy99KnVB6qIkUbs5X3UQ==

tslib@2.8.1, tslib@^2.1.0:
  version "2.8.1"
  resolved "https://registry.yarnpkg.com/tslib/-/tslib-2.8.1.tgz#612efe4ed235d567e8aba5f2a5fab70280ade83f"
  integrity sha512-oJFu94HQb+KVduSUQL7wnpmqnfmLsOA/nAh6b6EH0wCEoK0/mPeXU6c3wKDV83MkOuHPRHtSXKKU99IBazS/2w==

type-is@^1.6.18:
  version "1.6.18"
  resolved "https://registry.yarnpkg.com/type-is/-/type-is-1.6.18.tgz#4e552cd05df09467dcbc4ef739de89f2cf37c131"
  integrity sha512-TkRKr9sUTxEH8MdfuCSP7VizJyzRNMjj2J2do2Jr3Kym598JVdEksuzPQCnlFPW4ky9Q+iA+ma9BGm06XQBy8g==
  dependencies:
    media-typer "0.3.0"
    mime-types "~2.1.24"

typedarray@^0.0.6:
  version "0.0.6"
  resolved "https://registry.yarnpkg.com/typedarray/-/typedarray-0.0.6.tgz#867ac74e3864187b1d3d47d996a78ec5c8830777"
  integrity sha512-/aCDEGatGvZ2BIk+HmLf4ifCJFwvKFNb9/JeZPMulfgFracn9QFcAf5GO8B/mweUjSoblS5In0cWhqpfs/5PQA==

typescript@^4.7.4:
  version "4.7.4"
  resolved "https://registry.yarnpkg.com/typescript/-/typescript-4.7.4.tgz#1a88596d1cf47d59507a1bcdfb5b9dfe4d488235"
  integrity sha512-C0WQT0gezHuw6AdY1M2jxUO83Rjf0HP7Sk1DtXj6j1EwkQNZrHAg2XPWlq62oqEhYvONq5pkC2Y9oPljWToLmQ==

uid@2.0.2, uid@^2.0.0:
  version "2.0.2"
  resolved "https://registry.yarnpkg.com/uid/-/uid-2.0.2.tgz#4b5782abf0f2feeefc00fa88006b2b3b7af3e3b9"
  integrity sha512-u3xV3X7uzvi5b1MncmZo3i2Aw222Zk1keqLA1YkHldREkAhAqi65wuPfe7lHx8H/Wzy+8CE7S7uS3jekIM5s8g==
  dependencies:
    "@lukeed/csprng" "^1.0.0"

util-deprecate@^1.0.1:
  version "1.0.2"
  resolved "https://registry.yarnpkg.com/util-deprecate/-/util-deprecate-1.0.2.tgz#450d4dc9fa70de732762fbd2d4a28981419a0ccf"
  integrity sha512-EPD5q1uXyFxJpCrLnCc1nHnq3gOa6DZBocAIiI2TaSCA7VCJ1UJDMagCzIkXNsUYfD1daK//LTEQ8xiIbrHtcw==

uuid@8.3.2:
  version "8.3.2"
  resolved "https://registry.yarnpkg.com/uuid/-/uuid-8.3.2.tgz#80d5b5ced271bb9af6c445f21a1a04c606cefbe2"
  integrity sha512-+NYs2QeMWy+GWFOEm9xnn6HCDp0l7QBD7ml8zLUmJ+93Q5NF0NocErnwkTkXVFNiX3/fpC6afS8Dhb/gz7R7eg==

validator@^13.7.0:
  version "13.7.0"
  resolved "https://registry.yarnpkg.com/validator/-/validator-13.7.0.tgz#4f9658ba13ba8f3d82ee881d3516489ea85c0857"
  integrity sha512-nYXQLCBkpJ8X6ltALua9dRrZDHVYxjJ1wgskNt1lH9fzGjs3tgojGSCBjmEPwkWS1y29+DrizMTW19Pr9uB2nw==
